PODS:
  - Alamofire (5.4.3)
  - Kingfisher (6.3.1)

DEPENDENCIES:
  - Alamofire
  - Kingfisher

SPEC REPOS:
  trunk:
    - Alamofire
    - Kingfisher

SPEC CHECKSUMS:
  Alamofire: e447a2774a40c996748296fa2c55112fdbbc42f9
  Kingfisher: 016c8b653a35add51dd34a3aba36b580041acc74

PODFILE CHECKSUM: 07ade176aa1ec064ed9a3643619a97f60c87996e

COCOAPODS: 1.11.0
